// !$*UTF8*$!
{
	archiveVersion = 1;
	classes = {
	};
	objectVersion = 48;
	objects = {

/* Begin PBXBuildFile section */
		5B8EE81D8A3CD0E5494EAB41 /* libPods-JDLProjectTools.a in Frameworks */ = {isa = PBXBuildFile; fileRef = 133FB68D3277D1CF8B35FD6D /* libPods-JDLProjectTools.a */; };
		820DA5F41FE3C4DD00F9C55B /* JDLBaseViewController.m in Sources */ = {isa = PBXBuildFile; fileRef = 820DA5F31FE3C4DD00F9C55B /* JDLBaseViewController.m */; };
		820DA5FB1FE7556000F9C55B /* JDLMoveNavToStautarViewController.m in Sources */ = {isa = PBXBuildFile; fileRef = 820DA5FA1FE7556000F9C55B /* JDLMoveNavToStautarViewController.m */; };
		820DA5FE1FE755D600F9C55B /* JDLMoveFromYViewController.m in Sources */ = {isa = PBXBuildFile; fileRef = 820DA5FD1FE755D600F9C55B /* JDLMoveFromYViewController.m */; };
		820DA6021FE75CA400F9C55B /* JDLBaseCustomNavViewController.m in Sources */ = {isa = PBXBuildFile; fileRef = 820DA6011FE75CA400F9C55B /* JDLBaseCustomNavViewController.m */; };
		820DA6081FE75DB400F9C55B /* JDLCustomBgImageViewController.m in Sources */ = {isa = PBXBuildFile; fileRef = 820DA6071FE75DB400F9C55B /* JDLCustomBgImageViewController.m */; };
		820DA60B1FE7634C00F9C55B /* JDLCustomNavColorChangeViewController.m in Sources */ = {isa = PBXBuildFile; fileRef = 820DA60A1FE7634C00F9C55B /* JDLCustomNavColorChangeViewController.m */; };
		8212B47B1FDAD9CE00DBCBCF /* AppDelegate.m in Sources */ = {isa = PBXBuildFile; fileRef = 8212B47A1FDAD9CE00DBCBCF /* AppDelegate.m */; };
		8212B47E1FDAD9CE00DBCBCF /* ViewController.m in Sources */ = {isa = PBXBuildFile; fileRef = 8212B47D1FDAD9CE00DBCBCF /* ViewController.m */; };
		8212B4811FDAD9CE00DBCBCF /* Main.storyboard in Resources */ = {isa = PBXBuildFile; fileRef = 8212B47F1FDAD9CE00DBCBCF /* Main.storyboard */; };
		8212B4831FDAD9CE00DBCBCF /* Assets.xcassets in Resources */ = {isa = PBXBuildFile; fileRef = 8212B4821FDAD9CE00DBCBCF /* Assets.xcassets */; };
		8212B4861FDAD9CE00DBCBCF /* LaunchScreen.storyboard in Resources */ = {isa = PBXBuildFile; fileRef = 8212B4841FDAD9CE00DBCBCF /* LaunchScreen.storyboard */; };
		8212B4891FDAD9CE00DBCBCF /* main.m in Sources */ = {isa = PBXBuildFile; fileRef = 8212B4881FDAD9CE00DBCBCF /* main.m */; };
		8212B4931FDAD9CE00DBCBCF /* JDLProjectToolsTests.m in Sources */ = {isa = PBXBuildFile; fileRef = 8212B4921FDAD9CE00DBCBCF /* JDLProjectToolsTests.m */; };
		8212B49E1FDAD9CE00DBCBCF /* JDLProjectToolsUITests.m in Sources */ = {isa = PBXBuildFile; fileRef = 8212B49D1FDAD9CE00DBCBCF /* JDLProjectToolsUITests.m */; };
		8212B4B11FDD109D00DBCBCF /* JDLPopContentManager.m in Sources */ = {isa = PBXBuildFile; fileRef = 8212B4B01FDD109D00DBCBCF /* JDLPopContentManager.m */; };
		8212B4BA1FDD3DA800DBCBCF /* JDLToolsManager.m in Sources */ = {isa = PBXBuildFile; fileRef = 8212B4B91FDD3DA800DBCBCF /* JDLToolsManager.m */; };
		8212B4BD1FDD3DC500DBCBCF /* JDLUserMessageManager.m in Sources */ = {isa = PBXBuildFile; fileRef = 8212B4BC1FDD3DC500DBCBCF /* JDLUserMessageManager.m */; };
		8212B4C51FDE1F9100DBCBCF /* JDLTabBarController.m in Sources */ = {isa = PBXBuildFile; fileRef = 8212B4C41FDE1F9100DBCBCF /* JDLTabBarController.m */; };
		8212B4C81FDE267F00DBCBCF /* JDLMineViewController.m in Sources */ = {isa = PBXBuildFile; fileRef = 8212B4C71FDE267F00DBCBCF /* JDLMineViewController.m */; };
		8212B4CB1FDE269000DBCBCF /* JDLMessageViewController.m in Sources */ = {isa = PBXBuildFile; fileRef = 8212B4CA1FDE269000DBCBCF /* JDLMessageViewController.m */; };
		8212B4CE1FDE269A00DBCBCF /* JDLFoundViewController.m in Sources */ = {isa = PBXBuildFile; fileRef = 8212B4CD1FDE269A00DBCBCF /* JDLFoundViewController.m */; };
		8212B4D11FDE26A400DBCBCF /* JDLHomeViewController.m in Sources */ = {isa = PBXBuildFile; fileRef = 8212B4D01FDE26A400DBCBCF /* JDLHomeViewController.m */; };
		8212B4D51FDE2DA200DBCBCF /* JDLCenterViewController.m in Sources */ = {isa = PBXBuildFile; fileRef = 8212B4D41FDE2DA200DBCBCF /* JDLCenterViewController.m */; };
		8212B4DC1FDE38F600DBCBCF /* JDLHeadView.m in Sources */ = {isa = PBXBuildFile; fileRef = 8212B4DA1FDE38F500DBCBCF /* JDLHeadView.m */; };
		8212B4E01FDE3A5100DBCBCF /* UIButton+JDLImagePosition.m in Sources */ = {isa = PBXBuildFile; fileRef = 8212B4DF1FDE3A5100DBCBCF /* UIButton+JDLImagePosition.m */; };
		8212B4E31FDE4B1B00DBCBCF /* JDLAnimationButton.m in Sources */ = {isa = PBXBuildFile; fileRef = 8212B4E21FDE4B1B00DBCBCF /* JDLAnimationButton.m */; };
		8212B4E71FDE517700DBCBCF /* UIButton+JDLCountDown.m in Sources */ = {isa = PBXBuildFile; fileRef = 8212B4E61FDE517700DBCBCF /* UIButton+JDLCountDown.m */; };
		8212B4EA1FDE5C6500DBCBCF /* UIButton+JDLTouch.m in Sources */ = {isa = PBXBuildFile; fileRef = 8212B4E91FDE5C6500DBCBCF /* UIButton+JDLTouch.m */; };
		8212B4F31FDF833200DBCBCF /* UIButton+JDLLayout.m in Sources */ = {isa = PBXBuildFile; fileRef = 8212B4F21FDF833200DBCBCF /* UIButton+JDLLayout.m */; };
		824960CB1FE0CFD3004DF289 /* JDLNavigationController.m in Sources */ = {isa = PBXBuildFile; fileRef = 824960CA1FE0CFD3004DF289 /* JDLNavigationController.m */; };
		824960CF1FE0D8AA004DF289 /* JDLNavigationBar.m in Sources */ = {isa = PBXBuildFile; fileRef = 824960CE1FE0D8AA004DF289 /* JDLNavigationBar.m */; };
		824960D21FE0D8BD004DF289 /* JDLCustomNavigationBar.m in Sources */ = {isa = PBXBuildFile; fileRef = 824960D11FE0D8BD004DF289 /* JDLCustomNavigationBar.m */; };
		824960D51FE0F039004DF289 /* AppDelegate+JDLAppService.m in Sources */ = {isa = PBXBuildFile; fileRef = 824960D41FE0F039004DF289 /* AppDelegate+JDLAppService.m */; };
		824960D91FE102D6004DF289 /* JDLTableViewAnimationKit.m in Sources */ = {isa = PBXBuildFile; fileRef = 824960D81FE102D6004DF289 /* JDLTableViewAnimationKit.m */; };
		824960DE1FE10389004DF289 /* UITableView+JDLAnimationKit.m in Sources */ = {isa = PBXBuildFile; fileRef = 824960DD1FE10389004DF289 /* UITableView+JDLAnimationKit.m */; };
		824960E21FE11167004DF289 /* JDLNavigationTabBarController.m in Sources */ = {isa = PBXBuildFile; fileRef = 824960E11FE11167004DF289 /* JDLNavigationTabBarController.m */; };
		824960E61FE11227004DF289 /* JDLButtonViewController.m in Sources */ = {isa = PBXBuildFile; fileRef = 824960E51FE11227004DF289 /* JDLButtonViewController.m */; };
		824960EA1FE11387004DF289 /* JDLPopupViewViewController.m in Sources */ = {isa = PBXBuildFile; fileRef = 824960E91FE11387004DF289 /* JDLPopupViewViewController.m */; };
		824960F01FE11E87004DF289 /* JDLCommonNavViewController.m in Sources */ = {isa = PBXBuildFile; fileRef = 824960EF1FE11E87004DF289 /* JDLCommonNavViewController.m */; };
		824960F31FE11E95004DF289 /* JDLCustomNavViewController.m in Sources */ = {isa = PBXBuildFile; fileRef = 824960F21FE11E95004DF289 /* JDLCustomNavViewController.m */; };
		824960F61FE11EA0004DF289 /* JDLMoveNavViewController.m in Sources */ = {isa = PBXBuildFile; fileRef = 824960F51FE11EA0004DF289 /* JDLMoveNavViewController.m */; };
		824960FE1FE13D0D004DF289 /* JDLAlipayAntForestViewController.m in Sources */ = {isa = PBXBuildFile; fileRef = 824960FD1FE13D0D004DF289 /* JDLAlipayAntForestViewController.m */; };
		826FAF9D1FE7746F009C275C /* KLCPopup.m in Sources */ = {isa = PBXBuildFile; fileRef = 826FAF9C1FE77469009C275C /* KLCPopup.m */; };
		826FAFA21FE78735009C275C /* JDLMusicViewController.m in Sources */ = {isa = PBXBuildFile; fileRef = 826FAFA11FE78735009C275C /* JDLMusicViewController.m */; };
		826FAFA61FE79012009C275C /* JDLPageTitleViewConfigure.m in Sources */ = {isa = PBXBuildFile; fileRef = 826FAFA51FE79012009C275C /* JDLPageTitleViewConfigure.m */; };
		826FAFA91FE790BB009C275C /* JDLPageTitleView.m in Sources */ = {isa = PBXBuildFile; fileRef = 826FAFA81FE790BB009C275C /* JDLPageTitleView.m */; };
		826FAFAE1FE7913D009C275C /* JDLPageContentView.m in Sources */ = {isa = PBXBuildFile; fileRef = 826FAFAD1FE7913D009C275C /* JDLPageContentView.m */; };
		826FAFB11FE79189009C275C /* JDLPageContentScrollView.m in Sources */ = {isa = PBXBuildFile; fileRef = 826FAFB01FE79189009C275C /* JDLPageContentScrollView.m */; };
		826FAFB51FE791EF009C275C /* UIView+JDLFrame.m in Sources */ = {isa = PBXBuildFile; fileRef = 826FAFB41FE791EF009C275C /* UIView+JDLFrame.m */; };
		82FF319C1FE26E8B00E67B18 /* JDLQQAppViewController.m in Sources */ = {isa = PBXBuildFile; fileRef = 82FF319B1FE26E8B00E67B18 /* JDLQQAppViewController.m */; };
		82FF319F1FE277DB00E67B18 /* JDLQQMyMessageViewController.m in Sources */ = {isa = PBXBuildFile; fileRef = 82FF319E1FE277DB00E67B18 /* JDLQQMyMessageViewController.m */; };
/* End PBXBuildFile section */

/* Begin PBXContainerItemProxy section */
		8212B48F1FDAD9CE00DBCBCF /* PBXContainerItemProxy */ = {
			isa = PBXContainerItemProxy;
			containerPortal = 8212B46E1FDAD9CE00DBCBCF /* Project object */;
			proxyType = 1;
			remoteGlobalIDString = 8212B4751FDAD9CE00DBCBCF;
			remoteInfo = JDLProjectTools;
		};
		8212B49A1FDAD9CE00DBCBCF /* PBXContainerItemProxy */ = {
			isa = PBXContainerItemProxy;
			containerPortal = 8212B46E1FDAD9CE00DBCBCF /* Project object */;
			proxyType = 1;
			remoteGlobalIDString = 8212B4751FDAD9CE00DBCBCF;
			remoteInfo = JDLProjectTools;
		};
/* End PBXContainerItemProxy section */

/* Begin PBXFileReference section */
		133FB68D3277D1CF8B35FD6D /* libPods-JDLProjectTools.a */ = {isa = PBXFileReference; explicitFileType = archive.ar; includeInIndex = 0; path = "libPods-JDLProjectTools.a"; sourceTree = BUILT_PRODUCTS_DIR; };
		3F5D872FD0BB7C4EC2563A8B /* Pods-JDLProjectTools.debug.xcconfig */ = {isa = PBXFileReference; includeInIndex = 1; lastKnownFileType = text.xcconfig; name = "Pods-JDLProjectTools.debug.xcconfig"; path = "Pods/Target Support Files/Pods-JDLProjectTools/Pods-JDLProjectTools.debug.xcconfig"; sourceTree = "<group>"; };
		799B371B6FD615AA998852AD /* Pods-JDLProjectTools.release.xcconfig */ = {isa = PBXFileReference; includeInIndex = 1; lastKnownFileType = text.xcconfig; name = "Pods-JDLProjectTools.release.xcconfig"; path = "Pods/Target Support Files/Pods-JDLProjectTools/Pods-JDLProjectTools.release.xcconfig"; sourceTree = "<group>"; };
		820DA5F21FE3C4DD00F9C55B /* JDLBaseViewController.h */ = {isa = PBXFileReference; lastKnownFileType = sourcecode.c.h; path = JDLBaseViewController.h; sourceTree = "<group>"; };
		820DA5F31FE3C4DD00F9C55B /* JDLBaseViewController.m */ = {isa = PBXFileReference; lastKnownFileType = sourcecode.c.objc; path = JDLBaseViewController.m; sourceTree = "<group>"; };
		820DA5F91FE7556000F9C55B /* JDLMoveNavToStautarViewController.h */ = {isa = PBXFileReference; lastKnownFileType = sourcecode.c.h; path = JDLMoveNavToStautarViewController.h; sourceTree = "<group>"; };
		820DA5FA1FE7556000F9C55B /* JDLMoveNavToStautarViewController.m */ = {isa = PBXFileReference; lastKnownFileType = sourcecode.c.objc; path = JDLMoveNavToStautarViewController.m; sourceTree = "<group>"; };
		820DA5FC1FE755D600F9C55B /* JDLMoveFromYViewController.h */ = {isa = PBXFileReference; lastKnownFileType = sourcecode.c.h; path = JDLMoveFromYViewController.h; sourceTree = "<group>"; };
		820DA5FD1FE755D600F9C55B /* JDLMoveFromYViewController.m */ = {isa = PBXFileReference; lastKnownFileType = sourcecode.c.objc; path = JDLMoveFromYViewController.m; sourceTree = "<group>"; };
		820DA6001FE75CA400F9C55B /* JDLBaseCustomNavViewController.h */ = {isa = PBXFileReference; lastKnownFileType = sourcecode.c.h; path = JDLBaseCustomNavViewController.h; sourceTree = "<group>"; };
		820DA6011FE75CA400F9C55B /* JDLBaseCustomNavViewController.m */ = {isa = PBXFileReference; lastKnownFileType = sourcecode.c.objc; path = JDLBaseCustomNavViewController.m; sourceTree = "<group>"; };
		820DA6061FE75DB400F9C55B /* JDLCustomBgImageViewController.h */ = {isa = PBXFileReference; lastKnownFileType = sourcecode.c.h; path = JDLCustomBgImageViewController.h; sourceTree = "<group>"; };
		820DA6071FE75DB400F9C55B /* JDLCustomBgImageViewController.m */ = {isa = PBXFileReference; lastKnownFileType = sourcecode.c.objc; path = JDLCustomBgImageViewController.m; sourceTree = "<group>"; };
		820DA6091FE7634C00F9C55B /* JDLCustomNavColorChangeViewController.h */ = {isa = PBXFileReference; lastKnownFileType = sourcecode.c.h; path = JDLCustomNavColorChangeViewController.h; sourceTree = "<group>"; };
		820DA60A1FE7634C00F9C55B /* JDLCustomNavColorChangeViewController.m */ = {isa = PBXFileReference; lastKnownFileType = sourcecode.c.objc; path = JDLCustomNavColorChangeViewController.m; sourceTree = "<group>"; };
		8212B4761FDAD9CE00DBCBCF /* JDLProjectTools.app */ = {isa = PBXFileReference; explicitFileType = wrapper.application; includeInIndex = 0; path = JDLProjectTools.app; sourceTree = BUILT_PRODUCTS_DIR; };
		8212B4791FDAD9CE00DBCBCF /* AppDelegate.h */ = {isa = PBXFileReference; lastKnownFileType = sourcecode.c.h; path = AppDelegate.h; sourceTree = "<group>"; };
		8212B47A1FDAD9CE00DBCBCF /* AppDelegate.m */ = {isa = PBXFileReference; lastKnownFileType = sourcecode.c.objc; path = AppDelegate.m; sourceTree = "<group>"; };
		8212B47C1FDAD9CE00DBCBCF /* ViewController.h */ = {isa = PBXFileReference; lastKnownFileType = sourcecode.c.h; path = ViewController.h; sourceTree = "<group>"; };
		8212B47D1FDAD9CE00DBCBCF /* ViewController.m */ = {isa = PBXFileReference; lastKnownFileType = sourcecode.c.objc; path = ViewController.m; sourceTree = "<group>"; };
		8212B4801FDAD9CE00DBCBCF /* Base */ = {isa = PBXFileReference; lastKnownFileType = file.storyboard; name = Base; path = Base.lproj/Main.storyboard; sourceTree = "<group>"; };
		8212B4821FDAD9CE00DBCBCF /* Assets.xcassets */ = {isa = PBXFileReference; lastKnownFileType = folder.assetcatalog; path = Assets.xcassets; sourceTree = "<group>"; };
		8212B4851FDAD9CE00DBCBCF /* Base */ = {isa = PBXFileReference; lastKnownFileType = file.storyboard; name = Base; path = Base.lproj/LaunchScreen.storyboard; sourceTree = "<group>"; };
		8212B4871FDAD9CE00DBCBCF /* Info.plist */ = {isa = PBXFileReference; lastKnownFileType = text.plist.xml; path = Info.plist; sourceTree = "<group>"; };
		8212B4881FDAD9CE00DBCBCF /* main.m */ = {isa = PBXFileReference; lastKnownFileType = sourcecode.c.objc; path = main.m; sourceTree = "<group>"; };
		8212B48E1FDAD9CE00DBCBCF /* JDLProjectToolsTests.xctest */ = {isa = PBXFileReference; explicitFileType = wrapper.cfbundle; includeInIndex = 0; path = JDLProjectToolsTests.xctest; sourceTree = BUILT_PRODUCTS_DIR; };
		8212B4921FDAD9CE00DBCBCF /* JDLProjectToolsTests.m */ = {isa = PBXFileReference; lastKnownFileType = sourcecode.c.objc; path = JDLProjectToolsTests.m; sourceTree = "<group>"; };
		8212B4941FDAD9CE00DBCBCF /* Info.plist */ = {isa = PBXFileReference; lastKnownFileType = text.plist.xml; path = Info.plist; sourceTree = "<group>"; };
		8212B4991FDAD9CE00DBCBCF /* JDLProjectToolsUITests.xctest */ = {isa = PBXFileReference; explicitFileType = wrapper.cfbundle; includeInIndex = 0; path = JDLProjectToolsUITests.xctest; sourceTree = BUILT_PRODUCTS_DIR; };
		8212B49D1FDAD9CE00DBCBCF /* JDLProjectToolsUITests.m */ = {isa = PBXFileReference; lastKnownFileType = sourcecode.c.objc; path = JDLProjectToolsUITests.m; sourceTree = "<group>"; };
		8212B49F1FDAD9CE00DBCBCF /* Info.plist */ = {isa = PBXFileReference; lastKnownFileType = text.plist.xml; path = Info.plist; sourceTree = "<group>"; };
		8212B4AC1FDD0EB300DBCBCF /* JDLToolsPrefixHeader.pch */ = {isa = PBXFileReference; lastKnownFileType = sourcecode.c.h; path = JDLToolsPrefixHeader.pch; sourceTree = "<group>"; };
		8212B4AD1FDD0F0800DBCBCF /* JDLAllCommonClass.h */ = {isa = PBXFileReference; lastKnownFileType = sourcecode.c.h; path = JDLAllCommonClass.h; sourceTree = "<group>"; };
		8212B4AF1FDD109D00DBCBCF /* JDLPopContentManager.h */ = {isa = PBXFileReference; lastKnownFileType = sourcecode.c.h; path = JDLPopContentManager.h; sourceTree = "<group>"; };
		8212B4B01FDD109D00DBCBCF /* JDLPopContentManager.m */ = {isa = PBXFileReference; lastKnownFileType = sourcecode.c.objc; path = JDLPopContentManager.m; sourceTree = "<group>"; };
		8212B4B61FDD14C600DBCBCF /* JDLProjectConfiguration.h */ = {isa = PBXFileReference; lastKnownFileType = sourcecode.c.h; path = JDLProjectConfiguration.h; sourceTree = "<group>"; };
		8212B4B81FDD3DA800DBCBCF /* JDLToolsManager.h */ = {isa = PBXFileReference; lastKnownFileType = sourcecode.c.h; path = JDLToolsManager.h; sourceTree = "<group>"; };
		8212B4B91FDD3DA800DBCBCF /* JDLToolsManager.m */ = {isa = PBXFileReference; lastKnownFileType = sourcecode.c.objc; path = JDLToolsManager.m; sourceTree = "<group>"; };
		8212B4BB1FDD3DC500DBCBCF /* JDLUserMessageManager.h */ = {isa = PBXFileReference; lastKnownFileType = sourcecode.c.h; path = JDLUserMessageManager.h; sourceTree = "<group>"; };
		8212B4BC1FDD3DC500DBCBCF /* JDLUserMessageManager.m */ = {isa = PBXFileReference; lastKnownFileType = sourcecode.c.objc; path = JDLUserMessageManager.m; sourceTree = "<group>"; };
		8212B4C31FDE1F9100DBCBCF /* JDLTabBarController.h */ = {isa = PBXFileReference; lastKnownFileType = sourcecode.c.h; path = JDLTabBarController.h; sourceTree = "<group>"; };
		8212B4C41FDE1F9100DBCBCF /* JDLTabBarController.m */ = {isa = PBXFileReference; lastKnownFileType = sourcecode.c.objc; path = JDLTabBarController.m; sourceTree = "<group>"; };
		8212B4C61FDE267F00DBCBCF /* JDLMineViewController.h */ = {isa = PBXFileReference; lastKnownFileType = sourcecode.c.h; path = JDLMineViewController.h; sourceTree = "<group>"; };
		8212B4C71FDE267F00DBCBCF /* JDLMineViewController.m */ = {isa = PBXFileReference; lastKnownFileType = sourcecode.c.objc; path = JDLMineViewController.m; sourceTree = "<group>"; };
		8212B4C91FDE269000DBCBCF /* JDLMessageViewController.h */ = {isa = PBXFileReference; lastKnownFileType = sourcecode.c.h; path = JDLMessageViewController.h; sourceTree = "<group>"; };
		8212B4CA1FDE269000DBCBCF /* JDLMessageViewController.m */ = {isa = PBXFileReference; lastKnownFileType = sourcecode.c.objc; path = JDLMessageViewController.m; sourceTree = "<group>"; };
		8212B4CC1FDE269A00DBCBCF /* JDLFoundViewController.h */ = {isa = PBXFileReference; lastKnownFileType = sourcecode.c.h; path = JDLFoundViewController.h; sourceTree = "<group>"; };
		8212B4CD1FDE269A00DBCBCF /* JDLFoundViewController.m */ = {isa = PBXFileReference; lastKnownFileType = sourcecode.c.objc; path = JDLFoundViewController.m; sourceTree = "<group>"; };
		8212B4CF1FDE26A400DBCBCF /* JDLHomeViewController.h */ = {isa = PBXFileReference; lastKnownFileType = sourcecode.c.h; path = JDLHomeViewController.h; sourceTree = "<group>"; };
		8212B4D01FDE26A400DBCBCF /* JDLHomeViewController.m */ = {isa = PBXFileReference; lastKnownFileType = sourcecode.c.objc; path = JDLHomeViewController.m; sourceTree = "<group>"; };
		8212B4D31FDE2DA200DBCBCF /* JDLCenterViewController.h */ = {isa = PBXFileReference; lastKnownFileType = sourcecode.c.h; path = JDLCenterViewController.h; sourceTree = "<group>"; };
		8212B4D41FDE2DA200DBCBCF /* JDLCenterViewController.m */ = {isa = PBXFileReference; lastKnownFileType = sourcecode.c.objc; path = JDLCenterViewController.m; sourceTree = "<group>"; };
		8212B4DA1FDE38F500DBCBCF /* JDLHeadView.m */ = {isa = PBXFileReference; lastKnownFileType = sourcecode.c.objc; path = JDLHeadView.m; sourceTree = "<group>"; };
		8212B4DB1FDE38F600DBCBCF /* JDLHeadView.h */ = {isa = PBXFileReference; lastKnownFileType = sourcecode.c.h; path = JDLHeadView.h; sourceTree = "<group>"; };
		8212B4DE1FDE3A5100DBCBCF /* UIButton+JDLImagePosition.h */ = {isa = PBXFileReference; lastKnownFileType = sourcecode.c.h; path = "UIButton+JDLImagePosition.h"; sourceTree = "<group>"; };
		8212B4DF1FDE3A5100DBCBCF /* UIButton+JDLImagePosition.m */ = {isa = PBXFileReference; lastKnownFileType = sourcecode.c.objc; path = "UIButton+JDLImagePosition.m"; sourceTree = "<group>"; };
		8212B4E11FDE4B1B00DBCBCF /* JDLAnimationButton.h */ = {isa = PBXFileReference; lastKnownFileType = sourcecode.c.h; path = JDLAnimationButton.h; sourceTree = "<group>"; };
		8212B4E21FDE4B1B00DBCBCF /* JDLAnimationButton.m */ = {isa = PBXFileReference; lastKnownFileType = sourcecode.c.objc; path = JDLAnimationButton.m; sourceTree = "<group>"; };
		8212B4E51FDE517700DBCBCF /* UIButton+JDLCountDown.h */ = {isa = PBXFileReference; lastKnownFileType = sourcecode.c.h; path = "UIButton+JDLCountDown.h"; sourceTree = "<group>"; };
		8212B4E61FDE517700DBCBCF /* UIButton+JDLCountDown.m */ = {isa = PBXFileReference; lastKnownFileType = sourcecode.c.objc; path = "UIButton+JDLCountDown.m"; sourceTree = "<group>"; };
		8212B4E81FDE5C6500DBCBCF /* UIButton+JDLTouch.h */ = {isa = PBXFileReference; lastKnownFileType = sourcecode.c.h; path = "UIButton+JDLTouch.h"; sourceTree = "<group>"; };
		8212B4E91FDE5C6500DBCBCF /* UIButton+JDLTouch.m */ = {isa = PBXFileReference; lastKnownFileType = sourcecode.c.objc; path = "UIButton+JDLTouch.m"; sourceTree = "<group>"; };
		8212B4F11FDF833200DBCBCF /* UIButton+JDLLayout.h */ = {isa = PBXFileReference; lastKnownFileType = sourcecode.c.h; path = "UIButton+JDLLayout.h"; sourceTree = "<group>"; };
		8212B4F21FDF833200DBCBCF /* UIButton+JDLLayout.m */ = {isa = PBXFileReference; lastKnownFileType = sourcecode.c.objc; path = "UIButton+JDLLayout.m"; sourceTree = "<group>"; };
		824960C91FE0CFD3004DF289 /* JDLNavigationController.h */ = {isa = PBXFileReference; lastKnownFileType = sourcecode.c.h; path = JDLNavigationController.h; sourceTree = "<group>"; };
		824960CA1FE0CFD3004DF289 /* JDLNavigationController.m */ = {isa = PBXFileReference; lastKnownFileType = sourcecode.c.objc; path = JDLNavigationController.m; sourceTree = "<group>"; };
		824960CD1FE0D8AA004DF289 /* JDLNavigationBar.h */ = {isa = PBXFileReference; lastKnownFileType = sourcecode.c.h; path = JDLNavigationBar.h; sourceTree = "<group>"; };
		824960CE1FE0D8AA004DF289 /* JDLNavigationBar.m */ = {isa = PBXFileReference; lastKnownFileType = sourcecode.c.objc; path = JDLNavigationBar.m; sourceTree = "<group>"; };
		824960D01FE0D8BD004DF289 /* JDLCustomNavigationBar.h */ = {isa = PBXFileReference; lastKnownFileType = sourcecode.c.h; path = JDLCustomNavigationBar.h; sourceTree = "<group>"; };
		824960D11FE0D8BD004DF289 /* JDLCustomNavigationBar.m */ = {isa = PBXFileReference; lastKnownFileType = sourcecode.c.objc; path = JDLCustomNavigationBar.m; sourceTree = "<group>"; };
		824960D31FE0F039004DF289 /* AppDelegate+JDLAppService.h */ = {isa = PBXFileReference; lastKnownFileType = sourcecode.c.h; path = "AppDelegate+JDLAppService.h"; sourceTree = "<group>"; };
		824960D41FE0F039004DF289 /* AppDelegate+JDLAppService.m */ = {isa = PBXFileReference; lastKnownFileType = sourcecode.c.objc; path = "AppDelegate+JDLAppService.m"; sourceTree = "<group>"; };
		824960D71FE102D6004DF289 /* JDLTableViewAnimationKit.h */ = {isa = PBXFileReference; lastKnownFileType = sourcecode.c.h; path = JDLTableViewAnimationKit.h; sourceTree = "<group>"; };
		824960D81FE102D6004DF289 /* JDLTableViewAnimationKit.m */ = {isa = PBXFileReference; lastKnownFileType = sourcecode.c.objc; path = JDLTableViewAnimationKit.m; sourceTree = "<group>"; };
		824960DA1FE102F9004DF289 /* JDLTableViewAnimationKitConfig.h */ = {isa = PBXFileReference; lastKnownFileType = sourcecode.c.h; path = JDLTableViewAnimationKitConfig.h; sourceTree = "<group>"; };
		824960DB1FE1034C004DF289 /* JDLTableViewAnimationKitHeaders.h */ = {isa = PBXFileReference; lastKnownFileType = sourcecode.c.h; path = JDLTableViewAnimationKitHeaders.h; sourceTree = "<group>"; };
		824960DC1FE10389004DF289 /* UITableView+JDLAnimationKit.h */ = {isa = PBXFileReference; lastKnownFileType = sourcecode.c.h; path = "UITableView+JDLAnimationKit.h"; sourceTree = "<group>"; };
		824960DD1FE10389004DF289 /* UITableView+JDLAnimationKit.m */ = {isa = PBXFileReference; lastKnownFileType = sourcecode.c.objc; path = "UITableView+JDLAnimationKit.m"; sourceTree = "<group>"; };
		824960E01FE11167004DF289 /* JDLNavigationTabBarController.h */ = {isa = PBXFileReference; lastKnownFileType = sourcecode.c.h; path = JDLNavigationTabBarController.h; sourceTree = "<group>"; };
		824960E11FE11167004DF289 /* JDLNavigationTabBarController.m */ = {isa = PBXFileReference; lastKnownFileType = sourcecode.c.objc; path = JDLNavigationTabBarController.m; sourceTree = "<group>"; };
		824960E41FE11227004DF289 /* JDLButtonViewController.h */ = {isa = PBXFileReference; lastKnownFileType = sourcecode.c.h; path = JDLButtonViewController.h; sourceTree = "<group>"; };
		824960E51FE11227004DF289 /* JDLButtonViewController.m */ = {isa = PBXFileReference; lastKnownFileType = sourcecode.c.objc; path = JDLButtonViewController.m; sourceTree = "<group>"; };
		824960E81FE11387004DF289 /* JDLPopupViewViewController.h */ = {isa = PBXFileReference; lastKnownFileType = sourcecode.c.h; path = JDLPopupViewViewController.h; sourceTree = "<group>"; };
		824960E91FE11387004DF289 /* JDLPopupViewViewController.m */ = {isa = PBXFileReference; lastKnownFileType = sourcecode.c.objc; path = JDLPopupViewViewController.m; sourceTree = "<group>"; };
		824960EE1FE11E87004DF289 /* JDLCommonNavViewController.h */ = {isa = PBXFileReference; lastKnownFileType = sourcecode.c.h; path = JDLCommonNavViewController.h; sourceTree = "<group>"; };
		824960EF1FE11E87004DF289 /* JDLCommonNavViewController.m */ = {isa = PBXFileReference; lastKnownFileType = sourcecode.c.objc; path = JDLCommonNavViewController.m; sourceTree = "<group>"; };
		824960F11FE11E95004DF289 /* JDLCustomNavViewController.h */ = {isa = PBXFileReference; lastKnownFileType = sourcecode.c.h; path = JDLCustomNavViewController.h; sourceTree = "<group>"; };
		824960F21FE11E95004DF289 /* JDLCustomNavViewController.m */ = {isa = PBXFileReference; lastKnownFileType = sourcecode.c.objc; path = JDLCustomNavViewController.m; sourceTree = "<group>"; };
		824960F41FE11EA0004DF289 /* JDLMoveNavViewController.h */ = {isa = PBXFileReference; lastKnownFileType = sourcecode.c.h; path = JDLMoveNavViewController.h; sourceTree = "<group>"; };
		824960F51FE11EA0004DF289 /* JDLMoveNavViewController.m */ = {isa = PBXFileReference; lastKnownFileType = sourcecode.c.objc; path = JDLMoveNavViewController.m; sourceTree = "<group>"; };
		824960FC1FE13D0D004DF289 /* JDLAlipayAntForestViewController.h */ = {isa = PBXFileReference; lastKnownFileType = sourcecode.c.h; path = JDLAlipayAntForestViewController.h; sourceTree = "<group>"; };
		824960FD1FE13D0D004DF289 /* JDLAlipayAntForestViewController.m */ = {isa = PBXFileReference; lastKnownFileType = sourcecode.c.objc; path = JDLAlipayAntForestViewController.m; sourceTree = "<group>"; };
		826FAF9B1FE77469009C275C /* KLCPopup.h */ = {isa = PBXFileReference; lastKnownFileType = sourcecode.c.h; path = KLCPopup.h; sourceTree = "<group>"; };
		826FAF9C1FE77469009C275C /* KLCPopup.m */ = {isa = PBXFileReference; lastKnownFileType = sourcecode.c.objc; path = KLCPopup.m; sourceTree = "<group>"; };
		826FAF9E1FE77527009C275C /* KLCPopupConfiguration.h */ = {isa = PBXFileReference; lastKnownFileType = sourcecode.c.h; path = KLCPopupConfiguration.h; sourceTree = "<group>"; };
		826FAFA01FE78735009C275C /* JDLMusicViewController.h */ = {isa = PBXFileReference; lastKnownFileType = sourcecode.c.h; path = JDLMusicViewController.h; sourceTree = "<group>"; };
		826FAFA11FE78735009C275C /* JDLMusicViewController.m */ = {isa = PBXFileReference; lastKnownFileType = sourcecode.c.objc; path = JDLMusicViewController.m; sourceTree = "<group>"; };
		826FAFA41FE79012009C275C /* JDLPageTitleViewConfigure.h */ = {isa = PBXFileReference; lastKnownFileType = sourcecode.c.h; path = JDLPageTitleViewConfigure.h; sourceTree = "<group>"; };
		826FAFA51FE79012009C275C /* JDLPageTitleViewConfigure.m */ = {isa = PBXFileReference; lastKnownFileType = sourcecode.c.objc; path = JDLPageTitleViewConfigure.m; sourceTree = "<group>"; };
		826FAFA71FE790BB009C275C /* JDLPageTitleView.h */ = {isa = PBXFileReference; lastKnownFileType = sourcecode.c.h; path = JDLPageTitleView.h; sourceTree = "<group>"; };
		826FAFA81FE790BB009C275C /* JDLPageTitleView.m */ = {isa = PBXFileReference; lastKnownFileType = sourcecode.c.objc; path = JDLPageTitleView.m; sourceTree = "<group>"; };
		826FAFAC1FE7913D009C275C /* JDLPageContentView.h */ = {isa = PBXFileReference; lastKnownFileType = sourcecode.c.h; path = JDLPageContentView.h; sourceTree = "<group>"; };
		826FAFAD1FE7913D009C275C /* JDLPageContentView.m */ = {isa = PBXFileReference; lastKnownFileType = sourcecode.c.objc; path = JDLPageContentView.m; sourceTree = "<group>"; };
		826FAFAF1FE79189009C275C /* JDLPageContentScrollView.h */ = {isa = PBXFileReference; lastKnownFileType = sourcecode.c.h; path = JDLPageContentScrollView.h; sourceTree = "<group>"; };
		826FAFB01FE79189009C275C /* JDLPageContentScrollView.m */ = {isa = PBXFileReference; lastKnownFileType = sourcecode.c.objc; path = JDLPageContentScrollView.m; sourceTree = "<group>"; };
		826FAFB31FE791EF009C275C /* UIView+JDLFrame.h */ = {isa = PBXFileReference; lastKnownFileType = sourcecode.c.h; path = "UIView+JDLFrame.h"; sourceTree = "<group>"; };
		826FAFB41FE791EF009C275C /* UIView+JDLFrame.m */ = {isa = PBXFileReference; lastKnownFileType = sourcecode.c.objc; path = "UIView+JDLFrame.m"; sourceTree = "<group>"; };
		826FAFB61FE79262009C275C /* JDLPageView.h */ = {isa = PBXFileReference; lastKnownFileType = sourcecode.c.h; path = JDLPageView.h; sourceTree = "<group>"; };
		82FF319A1FE26E8B00E67B18 /* JDLQQAppViewController.h */ = {isa = PBXFileReference; lastKnownFileType = sourcecode.c.h; path = JDLQQAppViewController.h; sourceTree = "<group>"; };
		82FF319B1FE26E8B00E67B18 /* JDLQQAppViewController.m */ = {isa = PBXFileReference; lastKnownFileType = sourcecode.c.objc; path = JDLQQAppViewController.m; sourceTree = "<group>"; };
		82FF319D1FE277DB00E67B18 /* JDLQQMyMessageViewController.h */ = {isa = PBXFileReference; lastKnownFileType = sourcecode.c.h; path = JDLQQMyMessageViewController.h; sourceTree = "<group>"; };
		82FF319E1FE277DB00E67B18 /* JDLQQMyMessageViewController.m */ = {isa = PBXFileReference; lastKnownFileType = sourcecode.c.objc; path = JDLQQMyMessageViewController.m; sourceTree = "<group>"; };
/* End PBXFileReference section */

/* Begin PBXFrameworksBuildPhase section */
		8212B4731FDAD9CE00DBCBCF /* Frameworks */ = {
			isa = PBXFrameworksBuildPhase;
			buildActionMask = 2147483647;
			files = (
				5B8EE81D8A3CD0E5494EAB41 /* libPods-JDLProjectTools.a in Frameworks */,
			);
			runOnlyForDeploymentPostprocessing = 0;
		};
		8212B48B1FDAD9CE00DBCBCF /* Frameworks */ = {
			isa = PBXFrameworksBuildPhase;
			buildActionMask = 2147483647;
			files = (
			);
			runOnlyForDeploymentPostprocessing = 0;
		};
		8212B4961FDAD9CE00DBCBCF /* Frameworks */ = {
			isa = PBXFrameworksBuildPhase;
			buildActionMask = 2147483647;
			files = (
			);
			runOnlyForDeploymentPostprocessing = 0;
		};
/* End PBXFrameworksBuildPhase section */

/* Begin PBXGroup section */
		1B6F866EB007B8F4A720EAA2 /* Pods */ = {
			isa = PBXGroup;
			children = (
				3F5D872FD0BB7C4EC2563A8B /* Pods-JDLProjectTools.debug.xcconfig */,
				799B371B6FD615AA998852AD /* Pods-JDLProjectTools.release.xcconfig */,
			);
			name = Pods;
			sourceTree = "<group>";
		};
		820DA5F51FE7547200F9C55B /* DemoList */ = {
			isa = PBXGroup;
			children = (
				820DA5F91FE7556000F9C55B /* JDLMoveNavToStautarViewController.h */,
				820DA5FA1FE7556000F9C55B /* JDLMoveNavToStautarViewController.m */,
				820DA5FC1FE755D600F9C55B /* JDLMoveFromYViewController.h */,
				820DA5FD1FE755D600F9C55B /* JDLMoveFromYViewController.m */,
			);
			path = DemoList;
			sourceTree = "<group>";
		};
		820DA5FF1FE75C2000F9C55B /* DemoList */ = {
			isa = PBXGroup;
			children = (
				820DA6061FE75DB400F9C55B /* JDLCustomBgImageViewController.h */,
				820DA6071FE75DB400F9C55B /* JDLCustomBgImageViewController.m */,
				820DA6091FE7634C00F9C55B /* JDLCustomNavColorChangeViewController.h */,
				820DA60A1FE7634C00F9C55B /* JDLCustomNavColorChangeViewController.m */,
			);
			path = DemoList;
			sourceTree = "<group>";
		};
		820DA60D1FE773A400F9C55B /* Thirds */ = {
			isa = PBXGroup;
			children = (
				826FAF9A1FE77469009C275C /* KLCPopup */,
			);
			path = Thirds;
			sourceTree = "<group>";
		};
		8212B46D1FDAD9CE00DBCBCF = {
			isa = PBXGroup;
			children = (
				8212B4781FDAD9CE00DBCBCF /* JDLProjectTools */,
				8212B4911FDAD9CE00DBCBCF /* JDLProjectToolsTests */,
				8212B49C1FDAD9CE00DBCBCF /* JDLProjectToolsUITests */,
				8212B4771FDAD9CE00DBCBCF /* Products */,
				1B6F866EB007B8F4A720EAA2 /* Pods */,
				88BB3892BD6F1DA5B50E8C0D /* Frameworks */,
			);
			sourceTree = "<group>";
		};
		8212B4771FDAD9CE00DBCBCF /* Products */ = {
			isa = PBXGroup;
			children = (
				8212B4761FDAD9CE00DBCBCF /* JDLProjectTools.app */,
				8212B48E1FDAD9CE00DBCBCF /* JDLProjectToolsTests.xctest */,
				8212B4991FDAD9CE00DBCBCF /* JDLProjectToolsUITests.xctest */,
			);
			name = Products;
			sourceTree = "<group>";
		};
		8212B4781FDAD9CE00DBCBCF /* JDLProjectTools */ = {
			isa = PBXGroup;
			children = (
				8212B4B71FDD35B100DBCBCF /* AppDelegate */,
				8212B4B21FDD126A00DBCBCF /* ProjectClass */,
				8212B4AE1FDD0FD200DBCBCF /* ProjectManager */,
				820DA60D1FE773A400F9C55B /* Thirds */,
				8212B4AB1FDD0EA200DBCBCF /* Common */,
				8212B47C1FDAD9CE00DBCBCF /* ViewController.h */,
				8212B47D1FDAD9CE00DBCBCF /* ViewController.m */,
				8212B47F1FDAD9CE00DBCBCF /* Main.storyboard */,
				8212B4821FDAD9CE00DBCBCF /* Assets.xcassets */,
				8212B4841FDAD9CE00DBCBCF /* LaunchScreen.storyboard */,
				8212B4871FDAD9CE00DBCBCF /* Info.plist */,
				8212B4881FDAD9CE00DBCBCF /* main.m */,
			);
			path = JDLProjectTools;
			sourceTree = "<group>";
		};
		8212B4911FDAD9CE00DBCBCF /* JDLProjectToolsTests */ = {
			isa = PBXGroup;
			children = (
				8212B4921FDAD9CE00DBCBCF /* JDLProjectToolsTests.m */,
				8212B4941FDAD9CE00DBCBCF /* Info.plist */,
			);
			path = JDLProjectToolsTests;
			sourceTree = "<group>";
		};
		8212B49C1FDAD9CE00DBCBCF /* JDLProjectToolsUITests */ = {
			isa = PBXGroup;
			children = (
				8212B49D1FDAD9CE00DBCBCF /* JDLProjectToolsUITests.m */,
				8212B49F1FDAD9CE00DBCBCF /* Info.plist */,
			);
			path = JDLProjectToolsUITests;
			sourceTree = "<group>";
		};
		8212B4AB1FDD0EA200DBCBCF /* Common */ = {
			isa = PBXGroup;
			children = (
				826FAFA31FE78FE0009C275C /* JDLCustomSegment(滑动选项卡) */,
				824960D61FE1026F004DF289 /* TableviewCellAnimation(cell动画) */,
				824960CC1FE0D871004DF289 /* Navigation(自定义多样化导航栏) */,
				8212B4E41FDE4FCF00DBCBCF /* block&delagate(例子) */,
				8212B4DD1FDE3A1200DBCBCF /* JDLCategoryInherit(系统控件类别继承) */,
				8212B4AC1FDD0EB300DBCBCF /* JDLToolsPrefixHeader.pch */,
				8212B4B61FDD14C600DBCBCF /* JDLProjectConfiguration.h */,
				8212B4AD1FDD0F0800DBCBCF /* JDLAllCommonClass.h */,
			);
			path = Common;
			sourceTree = "<group>";
		};
		8212B4AE1FDD0FD200DBCBCF /* ProjectManager */ = {
			isa = PBXGroup;
			children = (
				8212B4B81FDD3DA800DBCBCF /* JDLToolsManager.h */,
				8212B4B91FDD3DA800DBCBCF /* JDLToolsManager.m */,
				8212B4AF1FDD109D00DBCBCF /* JDLPopContentManager.h */,
				8212B4B01FDD109D00DBCBCF /* JDLPopContentManager.m */,
				8212B4BB1FDD3DC500DBCBCF /* JDLUserMessageManager.h */,
				8212B4BC1FDD3DC500DBCBCF /* JDLUserMessageManager.m */,
			);
			path = ProjectManager;
			sourceTree = "<group>";
		};
		8212B4B21FDD126A00DBCBCF /* ProjectClass */ = {
			isa = PBXGroup;
			children = (
				8212B4D21FDE2D7300DBCBCF /* Center(中间视图-可选) */,
				8212B4C21FDE1F5300DBCBCF /* Mine(我的) */,
				8212B4C11FDE1F3900DBCBCF /* Message(消息) */,
				8212B4C01FDE1F2400DBCBCF /* Found(发现) */,
				8212B4BF1FDE1F1500DBCBCF /* Home(首页) */,
				8212B4BE1FDE1EAD00DBCBCF /* Main */,
			);
			path = ProjectClass;
			sourceTree = "<group>";
		};
		8212B4B71FDD35B100DBCBCF /* AppDelegate */ = {
			isa = PBXGroup;
			children = (
				8212B4791FDAD9CE00DBCBCF /* AppDelegate.h */,
				8212B47A1FDAD9CE00DBCBCF /* AppDelegate.m */,
				824960D31FE0F039004DF289 /* AppDelegate+JDLAppService.h */,
				824960D41FE0F039004DF289 /* AppDelegate+JDLAppService.m */,
			);
			path = AppDelegate;
			sourceTree = "<group>";
		};
		8212B4BE1FDE1EAD00DBCBCF /* Main */ = {
			isa = PBXGroup;
			children = (
				8212B4C31FDE1F9100DBCBCF /* JDLTabBarController.h */,
				8212B4C41FDE1F9100DBCBCF /* JDLTabBarController.m */,
				824960C91FE0CFD3004DF289 /* JDLNavigationController.h */,
				824960CA1FE0CFD3004DF289 /* JDLNavigationController.m */,
				820DA5F21FE3C4DD00F9C55B /* JDLBaseViewController.h */,
				820DA5F31FE3C4DD00F9C55B /* JDLBaseViewController.m */,
			);
			path = Main;
			sourceTree = "<group>";
		};
		8212B4BF1FDE1F1500DBCBCF /* Home(首页) */ = {
			isa = PBXGroup;
			children = (
				8212B4CF1FDE26A400DBCBCF /* JDLHomeViewController.h */,
				8212B4D01FDE26A400DBCBCF /* JDLHomeViewController.m */,
				826FAF9F1FE786FE009C275C /* Music(音乐播放) */,
				824960E31FE111FE004DF289 /* Button(按钮动画&&文字图片位置) */,
				824960DF1FE110C3004DF289 /* NavigaitonBar(导航栏多样化) */,
				824960E71FE11337004DF289 /* PopView(弹出视图&&动画) */,
			);
			path = "Home(首页)";
			sourceTree = "<group>";
		};
		8212B4C01FDE1F2400DBCBCF /* Found(发现) */ = {
			isa = PBXGroup;
			children = (
				8212B4CC1FDE269A00DBCBCF /* JDLFoundViewController.h */,
				8212B4CD1FDE269A00DBCBCF /* JDLFoundViewController.m */,
			);
			path = "Found(发现)";
			sourceTree = "<group>";
		};
		8212B4C11FDE1F3900DBCBCF /* Message(消息) */ = {
			isa = PBXGroup;
			children = (
				8212B4C91FDE269000DBCBCF /* JDLMessageViewController.h */,
				8212B4CA1FDE269000DBCBCF /* JDLMessageViewController.m */,
			);
			path = "Message(消息)";
			sourceTree = "<group>";
		};
		8212B4C21FDE1F5300DBCBCF /* Mine(我的) */ = {
			isa = PBXGroup;
			children = (
				8212B4C61FDE267F00DBCBCF /* JDLMineViewController.h */,
				8212B4C71FDE267F00DBCBCF /* JDLMineViewController.m */,
			);
			path = "Mine(我的)";
			sourceTree = "<group>";
		};
		8212B4D21FDE2D7300DBCBCF /* Center(中间视图-可选) */ = {
			isa = PBXGroup;
			children = (
				8212B4D31FDE2DA200DBCBCF /* JDLCenterViewController.h */,
				8212B4D41FDE2DA200DBCBCF /* JDLCenterViewController.m */,
			);
			path = "Center(中间视图-可选)";
			sourceTree = "<group>";
		};
		8212B4DD1FDE3A1200DBCBCF /* JDLCategoryInherit(系统控件类别继承) */ = {
			isa = PBXGroup;
			children = (
				8212B4F41FDF84E100DBCBCF /* UIButton */,
			);
			path = "JDLCategoryInherit(系统控件类别继承)";
			sourceTree = "<group>";
		};
		8212B4E41FDE4FCF00DBCBCF /* block&delagate(例子) */ = {
			isa = PBXGroup;
			children = (
				8212B4DB1FDE38F600DBCBCF /* JDLHeadView.h */,
				8212B4DA1FDE38F500DBCBCF /* JDLHeadView.m */,
			);
			path = "block&delagate(例子)";
			sourceTree = "<group>";
		};
		8212B4F41FDF84E100DBCBCF /* UIButton */ = {
			isa = PBXGroup;
			children = (
				8212B4F61FDF855800DBCBCF /* ButtonInherit(继承) */,
				8212B4F51FDF853200DBCBCF /* ButtonCategory(类别) */,
			);
			path = UIButton;
			sourceTree = "<group>";
		};
		8212B4F51FDF853200DBCBCF /* ButtonCategory(类别) */ = {
			isa = PBXGroup;
			children = (
				8212B4E81FDE5C6500DBCBCF /* UIButton+JDLTouch.h */,
				8212B4E91FDE5C6500DBCBCF /* UIButton+JDLTouch.m */,
				8212B4F11FDF833200DBCBCF /* UIButton+JDLLayout.h */,
				8212B4F21FDF833200DBCBCF /* UIButton+JDLLayout.m */,
				8212B4E51FDE517700DBCBCF /* UIButton+JDLCountDown.h */,
				8212B4E61FDE517700DBCBCF /* UIButton+JDLCountDown.m */,
				8212B4DE1FDE3A5100DBCBCF /* UIButton+JDLImagePosition.h */,
				8212B4DF1FDE3A5100DBCBCF /* UIButton+JDLImagePosition.m */,
			);
			path = "ButtonCategory(类别)";
			sourceTree = "<group>";
		};
		8212B4F61FDF855800DBCBCF /* ButtonInherit(继承) */ = {
			isa = PBXGroup;
			children = (
				8212B4E11FDE4B1B00DBCBCF /* JDLAnimationButton.h */,
				8212B4E21FDE4B1B00DBCBCF /* JDLAnimationButton.m */,
			);
			path = "ButtonInherit(继承)";
			sourceTree = "<group>";
		};
		824960CC1FE0D871004DF289 /* Navigation(自定义多样化导航栏) */ = {
			isa = PBXGroup;
			children = (
				824960CD1FE0D8AA004DF289 /* JDLNavigationBar.h */,
				824960CE1FE0D8AA004DF289 /* JDLNavigationBar.m */,
				824960D01FE0D8BD004DF289 /* JDLCustomNavigationBar.h */,
				824960D11FE0D8BD004DF289 /* JDLCustomNavigationBar.m */,
			);
			path = "Navigation(自定义多样化导航栏)";
			sourceTree = "<group>";
		};
		824960D61FE1026F004DF289 /* TableviewCellAnimation(cell动画) */ = {
			isa = PBXGroup;
			children = (
				824960D71FE102D6004DF289 /* JDLTableViewAnimationKit.h */,
				824960D81FE102D6004DF289 /* JDLTableViewAnimationKit.m */,
				824960DA1FE102F9004DF289 /* JDLTableViewAnimationKitConfig.h */,
				824960DB1FE1034C004DF289 /* JDLTableViewAnimationKitHeaders.h */,
				824960DC1FE10389004DF289 /* UITableView+JDLAnimationKit.h */,
				824960DD1FE10389004DF289 /* UITableView+JDLAnimationKit.m */,
			);
			path = "TableviewCellAnimation(cell动画)";
			sourceTree = "<group>";
		};
		824960DF1FE110C3004DF289 /* NavigaitonBar(导航栏多样化) */ = {
			isa = PBXGroup;
			children = (
				824960E01FE11167004DF289 /* JDLNavigationTabBarController.h */,
				824960E11FE11167004DF289 /* JDLNavigationTabBarController.m */,
				824960EB1FE11E42004DF289 /* CommonNav(常用) */,
				824960EC1FE11E5C004DF289 /* CustomNav */,
				824960ED1FE11E6D004DF289 /* MoveNav */,
			);
			path = "NavigaitonBar(导航栏多样化)";
			sourceTree = "<group>";
		};
		824960E31FE111FE004DF289 /* Button(按钮动画&&文字图片位置) */ = {
			isa = PBXGroup;
			children = (
				824960E41FE11227004DF289 /* JDLButtonViewController.h */,
				824960E51FE11227004DF289 /* JDLButtonViewController.m */,
			);
			path = "Button(按钮动画&&文字图片位置)";
			sourceTree = "<group>";
		};
		824960E71FE11337004DF289 /* PopView(弹出视图&&动画) */ = {
			isa = PBXGroup;
			children = (
				824960E81FE11387004DF289 /* JDLPopupViewViewController.h */,
				824960E91FE11387004DF289 /* JDLPopupViewViewController.m */,
			);
			path = "PopView(弹出视图&&动画)";
			sourceTree = "<group>";
		};
		824960EB1FE11E42004DF289 /* CommonNav(常用) */ = {
			isa = PBXGroup;
			children = (
				824960EE1FE11E87004DF289 /* JDLCommonNavViewController.h */,
				824960EF1FE11E87004DF289 /* JDLCommonNavViewController.m */,
				824960FB1FE13CCE004DF289 /* DemoList */,
			);
			path = "CommonNav(常用)";
			sourceTree = "<group>";
		};
		824960EC1FE11E5C004DF289 /* CustomNav */ = {
			isa = PBXGroup;
			children = (
				824960F11FE11E95004DF289 /* JDLCustomNavViewController.h */,
				824960F21FE11E95004DF289 /* JDLCustomNavViewController.m */,
				820DA6001FE75CA400F9C55B /* JDLBaseCustomNavViewController.h */,
				820DA6011FE75CA400F9C55B /* JDLBaseCustomNavViewController.m */,
				820DA5FF1FE75C2000F9C55B /* DemoList */,
			);
			path = CustomNav;
			sourceTree = "<group>";
		};
		824960ED1FE11E6D004DF289 /* MoveNav */ = {
			isa = PBXGroup;
			children = (
				824960F41FE11EA0004DF289 /* JDLMoveNavViewController.h */,
				824960F51FE11EA0004DF289 /* JDLMoveNavViewController.m */,
				820DA5F51FE7547200F9C55B /* DemoList */,
			);
			path = MoveNav;
			sourceTree = "<group>";
		};
		824960FB1FE13CCE004DF289 /* DemoList */ = {
			isa = PBXGroup;
			children = (
				824960FC1FE13D0D004DF289 /* JDLAlipayAntForestViewController.h */,
				824960FD1FE13D0D004DF289 /* JDLAlipayAntForestViewController.m */,
				82FF319A1FE26E8B00E67B18 /* JDLQQAppViewController.h */,
				82FF319B1FE26E8B00E67B18 /* JDLQQAppViewController.m */,
				82FF319D1FE277DB00E67B18 /* JDLQQMyMessageViewController.h */,
				82FF319E1FE277DB00E67B18 /* JDLQQMyMessageViewController.m */,
			);
			path = DemoList;
			sourceTree = "<group>";
		};
		826FAF9A1FE77469009C275C /* KLCPopup */ = {
			isa = PBXGroup;
			children = (
				826FAF9B1FE77469009C275C /* KLCPopup.h */,
				826FAF9C1FE77469009C275C /* KLCPopup.m */,
				826FAF9E1FE77527009C275C /* KLCPopupConfiguration.h */,
			);
			path = KLCPopup;
			sourceTree = "<group>";
		};
		826FAF9F1FE786FE009C275C /* Music(音乐播放) */ = {
			isa = PBXGroup;
			children = (
				826FAFA01FE78735009C275C /* JDLMusicViewController.h */,
				826FAFA11FE78735009C275C /* JDLMusicViewController.m */,
			);
			path = "Music(音乐播放)";
			sourceTree = "<group>";
		};
		826FAFA31FE78FE0009C275C /* JDLCustomSegment(滑动选项卡) */ = {
			isa = PBXGroup;
			children = (
				826FAFB61FE79262009C275C /* JDLPageView.h */,
				826FAFB21FE791CE009C275C /* Category */,
				826FAFAB1FE7911A009C275C /* JDLPageContent */,
				826FAFAA1FE79106009C275C /* JDLPageTitle */,
			);
			path = "JDLCustomSegment(滑动选项卡)";
			sourceTree = "<group>";
		};
		826FAFAA1FE79106009C275C /* JDLPageTitle */ = {
			isa = PBXGroup;
			children = (
				826FAFA41FE79012009C275C /* JDLPageTitleViewConfigure.h */,
				826FAFA51FE79012009C275C /* JDLPageTitleViewConfigure.m */,
				826FAFA71FE790BB009C275C /* JDLPageTitleView.h */,
				826FAFA81FE790BB009C275C /* JDLPageTitleView.m */,
			);
			path = JDLPageTitle;
			sourceTree = "<group>";
		};
		826FAFAB1FE7911A009C275C /* JDLPageContent */ = {
			isa = PBXGroup;
			children = (
				826FAFAC1FE7913D009C275C /* JDLPageContentView.h */,
				826FAFAD1FE7913D009C275C /* JDLPageContentView.m */,
				826FAFAF1FE79189009C275C /* JDLPageContentScrollView.h */,
				826FAFB01FE79189009C275C /* JDLPageContentScrollView.m */,
			);
			path = JDLPageContent;
			sourceTree = "<group>";
		};
		826FAFB21FE791CE009C275C /* Category */ = {
			isa = PBXGroup;
			children = (
				826FAFB31FE791EF009C275C /* UIView+JDLFrame.h */,
				826FAFB41FE791EF009C275C /* UIView+JDLFrame.m */,
			);
			path = Category;
			sourceTree = "<group>";
		};
		88BB3892BD6F1DA5B50E8C0D /* Frameworks */ = {
			isa = PBXGroup;
			children = (
				133FB68D3277D1CF8B35FD6D /* libPods-JDLProjectTools.a */,
			);
			name = Frameworks;
			sourceTree = "<group>";
		};
/* End PBXGroup section */

/* Begin PBXNativeTarget section */
		8212B4751FDAD9CE00DBCBCF /* JDLProjectTools */ = {
			isa = PBXNativeTarget;
			buildConfigurationList = 8212B4A21FDAD9CE00DBCBCF /* Build configuration list for PBXNativeTarget "JDLProjectTools" */;
			buildPhases = (
				AADA6C5DC4E3FA235DDEF094 /* [CP] Check Pods Manifest.lock */,
				8212B4721FDAD9CE00DBCBCF /* Sources */,
				8212B4731FDAD9CE00DBCBCF /* Frameworks */,
				8212B4741FDAD9CE00DBCBCF /* Resources */,
				68F3E94467DB0A9BF24CCE27 /* [CP] Embed Pods Frameworks */,
				206C87CFB097ED51D935E2E7 /* [CP] Copy Pods Resources */,
			);
			buildRules = (
			);
			dependencies = (
			);
			name = JDLProjectTools;
			productName = JDLProjectTools;
			productReference = 8212B4761FDAD9CE00DBCBCF /* JDLProjectTools.app */;
			productType = "com.apple.product-type.application";
		};
		8212B48D1FDAD9CE00DBCBCF /* JDLProjectToolsTests */ = {
			isa = PBXNativeTarget;
			buildConfigurationList = 8212B4A51FDAD9CE00DBCBCF /* Build configuration list for PBXNativeTarget "JDLProjectToolsTests" */;
			buildPhases = (
				8212B48A1FDAD9CE00DBCBCF /* Sources */,
				8212B48B1FDAD9CE00DBCBCF /* Frameworks */,
				8212B48C1FDAD9CE00DBCBCF /* Resources */,
			);
			buildRules = (
			);
			dependencies = (
				8212B4901FDAD9CE00DBCBCF /* PBXTargetDependency */,
			);
			name = JDLProjectToolsTests;
			productName = JDLProjectToolsTests;
			productReference = 8212B48E1FDAD9CE00DBCBCF /* JDLProjectToolsTests.xctest */;
			productType = "com.apple.product-type.bundle.unit-test";
		};
		8212B4981FDAD9CE00DBCBCF /* JDLProjectToolsUITests */ = {
			isa = PBXNativeTarget;
			buildConfigurationList = 8212B4A81FDAD9CE00DBCBCF /* Build configuration list for PBXNativeTarget "JDLProjectToolsUITests" */;
			buildPhases = (
				8212B4951FDAD9CE00DBCBCF /* Sources */,
				8212B4961FDAD9CE00DBCBCF /* Frameworks */,
				8212B4971FDAD9CE00DBCBCF /* Resources */,
			);
			buildRules = (
			);
			dependencies = (
				8212B49B1FDAD9CE00DBCBCF /* PBXTargetDependency */,
			);
			name = JDLProjectToolsUITests;
			productName = JDLProjectToolsUITests;
			productReference = 8212B4991FDAD9CE00DBCBCF /* JDLProjectToolsUITests.xctest */;
			productType = "com.apple.product-type.bundle.ui-testing";
		};
/* End PBXNativeTarget section */

/* Begin PBXProject section */
		8212B46E1FDAD9CE00DBCBCF /* Project object */ = {
			isa = PBXProject;
			attributes = {
				CLASSPREFIX = JDL;
				LastUpgradeCheck = 0900;
				ORGANIZATIONNAME = "BlueSkyer-25";
				TargetAttributes = {
					8212B4751FDAD9CE00DBCBCF = {
						CreatedOnToolsVersion = 9.0;
						ProvisioningStyle = Automatic;
					};
					8212B48D1FDAD9CE00DBCBCF = {
						CreatedOnToolsVersion = 9.0;
						ProvisioningStyle = Automatic;
						TestTargetID = 8212B4751FDAD9CE00DBCBCF;
					};
					8212B4981FDAD9CE00DBCBCF = {
						CreatedOnToolsVersion = 9.0;
						ProvisioningStyle = Automatic;
						TestTargetID = 8212B4751FDAD9CE00DBCBCF;
					};
				};
			};
			buildConfigurationList = 8212B4711FDAD9CE00DBCBCF /* Build configuration list for PBXProject "JDLProjectTools" */;
			compatibilityVersion = "Xcode 8.0";
			developmentRegion = en;
			hasScannedForEncodings = 0;
			knownRegions = (
				en,
				Base,
			);
			mainGroup = 8212B46D1FDAD9CE00DBCBCF;
			productRefGroup = 8212B4771FDAD9CE00DBCBCF /* Products */;
			projectDirPath = "";
			projectRoot = "";
			targets = (
				8212B4751FDAD9CE00DBCBCF /* JDLProjectTools */,
				8212B48D1FDAD9CE00DBCBCF /* JDLProjectToolsTests */,
				8212B4981FDAD9CE00DBCBCF /* JDLProjectToolsUITests */,
			);
		};
/* End PBXProject section */

/* Begin PBXResourcesBuildPhase section */
		8212B4741FDAD9CE00DBCBCF /* Resources */ = {
			isa = PBXResourcesBuildPhase;
			buildActionMask = 2147483647;
			files = (
				8212B4861FDAD9CE00DBCBCF /* LaunchScreen.storyboard in Resources */,
				8212B4831FDAD9CE00DBCBCF /* Assets.xcassets in Resources */,
				8212B4811FDAD9CE00DBCBCF /* Main.storyboard in Resources */,
			);
			runOnlyForDeploymentPostprocessing = 0;
		};
		8212B48C1FDAD9CE00DBCBCF /* Resources */ = {
			isa = PBXResourcesBuildPhase;
			buildActionMask = 2147483647;
			files = (
			);
			runOnlyForDeploymentPostprocessing = 0;
		};
		8212B4971FDAD9CE00DBCBCF /* Resources */ = {
			isa = PBXResourcesBuildPhase;
			buildActionMask = 2147483647;
			files = (
			);
			runOnlyForDeploymentPostprocessing = 0;
		};
/* End PBXResourcesBuildPhase section */

/* Begin PBXShellScriptBuildPhase section */
		206C87CFB097ED51D935E2E7 /* [CP] Copy Pods Resources */ = {
			isa = PBXShellScriptBuildPhase;
			buildActionMask = 2147483647;
			files = (
			);
			inputPaths = (
			);
			name = "[CP] Copy Pods Resources";
			outputPaths = (
			);
			runOnlyForDeploymentPostprocessing = 0;
			shellPath = /bin/sh;
			shellScript = "\"${SRCROOT}/Pods/Target Support Files/Pods-JDLProjectTools/Pods-JDLProjectTools-resources.sh\"\n";
			showEnvVarsInLog = 0;
		};
		68F3E94467DB0A9BF24CCE27 /* [CP] Embed Pods Frameworks */ = {
			isa = PBXShellScriptBuildPhase;
			buildActionMask = 2147483647;
			files = (
			);
			inputPaths = (
			);
			name = "[CP] Embed Pods Frameworks";
			outputPaths = (
			);
			runOnlyForDeploymentPostprocessing = 0;
			shellPath = /bin/sh;
			shellScript = "\"${SRCROOT}/Pods/Target Support Files/Pods-JDLProjectTools/Pods-JDLProjectTools-frameworks.sh\"\n";
			showEnvVarsInLog = 0;
		};
		AADA6C5DC4E3FA235DDEF094 /* [CP] Check Pods Manifest.lock */ = {
			isa = PBXShellScriptBuildPhase;
			buildActionMask = 2147483647;
			files = (
			);
			inputPaths = (
			);
			name = "[CP] Check Pods Manifest.lock";
			outputPaths = (
			);
			runOnlyForDeploymentPostprocessing = 0;
			shellPath = /bin/sh;
			shellScript = "diff \"${PODS_PODFILE_DIR_PATH}/Podfile.lock\" \"${PODS_ROOT}/Manifest.lock\" > /dev/null\nif [ $? != 0 ] ; then\n    # print error to STDERR\n    echo \"error: The sandbox is not in sync with the Podfile.lock. Run 'pod install' or update your CocoaPods installation.\" >&2\n    exit 1\nfi\n";
			showEnvVarsInLog = 0;
		};
/* End PBXShellScriptBuildPhase section */

/* Begin PBXSourcesBuildPhase section */
		8212B4721FDAD9CE00DBCBCF /* Sources */ = {
			isa = PBXSourcesBuildPhase;
			buildActionMask = 2147483647;
			files = (
				824960CF1FE0D8AA004DF289 /* JDLNavigationBar.m in Sources */,
				8212B4D11FDE26A400DBCBCF /* JDLHomeViewController.m in Sources */,
				8212B4CE1FDE269A00DBCBCF /* JDLFoundViewController.m in Sources */,
				824960D91FE102D6004DF289 /* JDLTableViewAnimationKit.m in Sources */,
				824960F61FE11EA0004DF289 /* JDLMoveNavViewController.m in Sources */,
				8212B4E71FDE517700DBCBCF /* UIButton+JDLCountDown.m in Sources */,
				8212B4B11FDD109D00DBCBCF /* JDLPopContentManager.m in Sources */,
				824960DE1FE10389004DF289 /* UITableView+JDLAnimationKit.m in Sources */,
				820DA5F41FE3C4DD00F9C55B /* JDLBaseViewController.m in Sources */,
				8212B4C51FDE1F9100DBCBCF /* JDLTabBarController.m in Sources */,
				8212B4CB1FDE269000DBCBCF /* JDLMessageViewController.m in Sources */,
				826FAF9D1FE7746F009C275C /* KLCPopup.m in Sources */,
				826FAFB11FE79189009C275C /* JDLPageContentScrollView.m in Sources */,
				8212B4BD1FDD3DC500DBCBCF /* JDLUserMessageManager.m in Sources */,
				820DA6021FE75CA400F9C55B /* JDLBaseCustomNavViewController.m in Sources */,
				826FAFB51FE791EF009C275C /* UIView+JDLFrame.m in Sources */,
				8212B4BA1FDD3DA800DBCBCF /* JDLToolsManager.m in Sources */,
				824960D51FE0F039004DF289 /* AppDelegate+JDLAppService.m in Sources */,
				826FAFA91FE790BB009C275C /* JDLPageTitleView.m in Sources */,
				824960FE1FE13D0D004DF289 /* JDLAlipayAntForestViewController.m in Sources */,
				824960E21FE11167004DF289 /* JDLNavigationTabBarController.m in Sources */,
				820DA6081FE75DB400F9C55B /* JDLCustomBgImageViewController.m in Sources */,
				826FAFA21FE78735009C275C /* JDLMusicViewController.m in Sources */,
				82FF319C1FE26E8B00E67B18 /* JDLQQAppViewController.m in Sources */,
				8212B47E1FDAD9CE00DBCBCF /* ViewController.m in Sources */,
				820DA5FB1FE7556000F9C55B /* JDLMoveNavToStautarViewController.m in Sources */,
				8212B4C81FDE267F00DBCBCF /* JDLMineViewController.m in Sources */,
				824960E61FE11227004DF289 /* JDLButtonViewController.m in Sources */,
				824960F31FE11E95004DF289 /* JDLCustomNavViewController.m in Sources */,
				824960D21FE0D8BD004DF289 /* JDLCustomNavigationBar.m in Sources */,
				8212B4F31FDF833200DBCBCF /* UIButton+JDLLayout.m in Sources */,
				824960F01FE11E87004DF289 /* JDLCommonNavViewController.m in Sources */,
				8212B4D51FDE2DA200DBCBCF /* JDLCenterViewController.m in Sources */,
				826FAFA61FE79012009C275C /* JDLPageTitleViewConfigure.m in Sources */,
				8212B4891FDAD9CE00DBCBCF /* main.m in Sources */,
				82FF319F1FE277DB00E67B18 /* JDLQQMyMessageViewController.m in Sources */,
				8212B47B1FDAD9CE00DBCBCF /* AppDelegate.m in Sources */,
				8212B4E01FDE3A5100DBCBCF /* UIButton+JDLImagePosition.m in Sources */,
				8212B4E31FDE4B1B00DBCBCF /* JDLAnimationButton.m in Sources */,
				824960EA1FE11387004DF289 /* JDLPopupViewViewController.m in Sources */,
				820DA5FE1FE755D600F9C55B /* JDLMoveFromYViewController.m in Sources */,
				820DA60B1FE7634C00F9C55B /* JDLCustomNavColorChangeViewController.m in Sources */,
				826FAFAE1FE7913D009C275C /* JDLPageContentView.m in Sources */,
				8212B4DC1FDE38F600DBCBCF /* JDLHeadView.m in Sources */,
				8212B4EA1FDE5C6500DBCBCF /* UIButton+JDLTouch.m in Sources */,
				824960CB1FE0CFD3004DF289 /* JDLNavigationController.m in Sources */,
			);
			runOnlyForDeploymentPostprocessing = 0;
		};
		8212B48A1FDAD9CE00DBCBCF /* Sources */ = {
			isa = PBXSourcesBuildPhase;
			buildActionMask = 2147483647;
			files = (
				8212B4931FDAD9CE00DBCBCF /* JDLProjectToolsTests.m in Sources */,
			);
			runOnlyForDeploymentPostprocessing = 0;
		};
		8212B4951FDAD9CE00DBCBCF /* Sources */ = {
			isa = PBXSourcesBuildPhase;
			buildActionMask = 2147483647;
			files = (
				8212B49E1FDAD9CE00DBCBCF /* JDLProjectToolsUITests.m in Sources */,
			);
			runOnlyForDeploymentPostprocessing = 0;
		};
/* End PBXSourcesBuildPhase section */

/* Begin PBXTargetDependency section */
		8212B4901FDAD9CE00DBCBCF /* PBXTargetDependency */ = {
			isa = PBXTargetDependency;
			target = 8212B4751FDAD9CE00DBCBCF /* JDLProjectTools */;
			targetProxy = 8212B48F1FDAD9CE00DBCBCF /* PBXContainerItemProxy */;
		};
		8212B49B1FDAD9CE00DBCBCF /* PBXTargetDependency */ = {
			isa = PBXTargetDependency;
			target = 8212B4751FDAD9CE00DBCBCF /* JDLProjectTools */;
			targetProxy = 8212B49A1FDAD9CE00DBCBCF /* PBXContainerItemProxy */;
		};
/* End PBXTargetDependency section */

/* Begin PBXVariantGroup section */
		8212B47F1FDAD9CE00DBCBCF /* Main.storyboard */ = {
			isa = PBXVariantGroup;
			children = (
				8212B4801FDAD9CE00DBCBCF /* Base */,
			);
			name = Main.storyboard;
			sourceTree = "<group>";
		};
		8212B4841FDAD9CE00DBCBCF /* LaunchScreen.storyboard */ = {
			isa = PBXVariantGroup;
			children = (
				8212B4851FDAD9CE00DBCBCF /* Base */,
			);
			name = LaunchScreen.storyboard;
			sourceTree = "<group>";
		};
/* End PBXVariantGroup section */

/* Begin XCBuildConfiguration section */
		8212B4A01FDAD9CE00DBCBCF /* Debug */ = {
			isa = XCBuildConfiguration;
			buildSettings = {
				ALWAYS_SEARCH_USER_PATHS = NO;
				CLANG_ANALYZER_NONNULL = YES;
				CLANG_ANALYZER_NUMBER_OBJECT_CONVERSION = YES_AGGRESSIVE;
				CLANG_CXX_LANGUAGE_STANDARD = "gnu++14";
				CLANG_CXX_LIBRARY = "libc++";
				CLANG_ENABLE_MODULES = YES;
				CLANG_ENABLE_OBJC_ARC = YES;
				CLANG_WARN_BLOCK_CAPTURE_AUTORELEASING = YES;
				CLANG_WARN_BOOL_CONVERSION = YES;
				CLANG_WARN_COMMA = YES;
				CLANG_WARN_CONSTANT_CONVERSION = YES;
				CLANG_WARN_DIRECT_OBJC_ISA_USAGE = YES_ERROR;
				CLANG_WARN_DOCUMENTATION_COMMENTS = YES;
				CLANG_WARN_EMPTY_BODY = YES;
				CLANG_WARN_ENUM_CONVERSION = YES;
				CLANG_WARN_INFINITE_RECURSION = YES;
				CLANG_WARN_INT_CONVERSION = YES;
				CLANG_WARN_NON_LITERAL_NULL_CONVERSION = YES;
				CLANG_WARN_OBJC_LITERAL_CONVERSION = YES;
				CLANG_WARN_OBJC_ROOT_CLASS = YES_ERROR;
				CLANG_WARN_RANGE_LOOP_ANALYSIS = YES;
				CLANG_WARN_STRICT_PROTOTYPES = YES;
				CLANG_WARN_SUSPICIOUS_MOVE = YES;
				CLANG_WARN_UNGUARDED_AVAILABILITY = YES_AGGRESSIVE;
				CLANG_WARN_UNREACHABLE_CODE = YES;
				CLANG_WARN__DUPLICATE_METHOD_MATCH = YES;
				CODE_SIGN_IDENTITY = "iPhone Developer";
				COPY_PHASE_STRIP = NO;
				DEBUG_INFORMATION_FORMAT = dwarf;
				ENABLE_STRICT_OBJC_MSGSEND = YES;
				ENABLE_TESTABILITY = YES;
				GCC_C_LANGUAGE_STANDARD = gnu11;
				GCC_DYNAMIC_NO_PIC = NO;
				GCC_NO_COMMON_BLOCKS = YES;
				GCC_OPTIMIZATION_LEVEL = 0;
				GCC_PREPROCESSOR_DEFINITIONS = (
					"DEBUG=1",
					"$(inherited)",
				);
				GCC_WARN_64_TO_32_BIT_CONVERSION = YES;
				GCC_WARN_ABOUT_RETURN_TYPE = YES_ERROR;
				GCC_WARN_UNDECLARED_SELECTOR = YES;
				GCC_WARN_UNINITIALIZED_AUTOS = YES_AGGRESSIVE;
				GCC_WARN_UNUSED_FUNCTION = YES;
				GCC_WARN_UNUSED_VARIABLE = YES;
				IPHONEOS_DEPLOYMENT_TARGET = 11.0;
				MTL_ENABLE_DEBUG_INFO = YES;
				ONLY_ACTIVE_ARCH = YES;
				SDKROOT = iphoneos;
			};
			name = Debug;
		};
		8212B4A11FDAD9CE00DBCBCF /* Release */ = {
			isa = XCBuildConfiguration;
			buildSettings = {
				ALWAYS_SEARCH_USER_PATHS = NO;
				CLANG_ANALYZER_NONNULL = YES;
				CLANG_ANALYZER_NUMBER_OBJECT_CONVERSION = YES_AGGRESSIVE;
				CLANG_CXX_LANGUAGE_STANDARD = "gnu++14";
				CLANG_CXX_LIBRARY = "libc++";
				CLANG_ENABLE_MODULES = YES;
				CLANG_ENABLE_OBJC_ARC = YES;
				CLANG_WARN_BLOCK_CAPTURE_AUTORELEASING = YES;
				CLANG_WARN_BOOL_CONVERSION = YES;
				CLANG_WARN_COMMA = YES;
				CLANG_WARN_CONSTANT_CONVERSION = YES;
				CLANG_WARN_DIRECT_OBJC_ISA_USAGE = YES_ERROR;
				CLANG_WARN_DOCUMENTATION_COMMENTS = YES;
				CLANG_WARN_EMPTY_BODY = YES;
				CLANG_WARN_ENUM_CONVERSION = YES;
				CLANG_WARN_INFINITE_RECURSION = YES;
				CLANG_WARN_INT_CONVERSION = YES;
				CLANG_WARN_NON_LITERAL_NULL_CONVERSION = YES;
				CLANG_WARN_OBJC_LITERAL_CONVERSION = YES;
				CLANG_WARN_OBJC_ROOT_CLASS = YES_ERROR;
				CLANG_WARN_RANGE_LOOP_ANALYSIS = YES;
				CLANG_WARN_STRICT_PROTOTYPES = YES;
				CLANG_WARN_SUSPICIOUS_MOVE = YES;
				CLANG_WARN_UNGUARDED_AVAILABILITY = YES_AGGRESSIVE;
				CLANG_WARN_UNREACHABLE_CODE = YES;
				CLANG_WARN__DUPLICATE_METHOD_MATCH = YES;
				CODE_SIGN_IDENTITY = "iPhone Developer";
				COPY_PHASE_STRIP = NO;
				DEBUG_INFORMATION_FORMAT = "dwarf-with-dsym";
				ENABLE_NS_ASSERTIONS = NO;
				ENABLE_STRICT_OBJC_MSGSEND = YES;
				GCC_C_LANGUAGE_STANDARD = gnu11;
				GCC_NO_COMMON_BLOCKS = YES;
				GCC_WARN_64_TO_32_BIT_CONVERSION = YES;
				GCC_WARN_ABOUT_RETURN_TYPE = YES_ERROR;
				GCC_WARN_UNDECLARED_SELECTOR = YES;
				GCC_WARN_UNINITIALIZED_AUTOS = YES_AGGRESSIVE;
				GCC_WARN_UNUSED_FUNCTION = YES;
				GCC_WARN_UNUSED_VARIABLE = YES;
				IPHONEOS_DEPLOYMENT_TARGET = 11.0;
				MTL_ENABLE_DEBUG_INFO = NO;
				SDKROOT = iphoneos;
				VALIDATE_PRODUCT = YES;
			};
			name = Release;
		};
		8212B4A31FDAD9CE00DBCBCF /* Debug */ = {
			isa = XCBuildConfiguration;
			baseConfigurationReference = 3F5D872FD0BB7C4EC2563A8B /* Pods-JDLProjectTools.debug.xcconfig */;
			buildSettings = {
				ASSETCATALOG_COMPILER_APPICON_NAME = AppIcon;
				ASSETCATALOG_COMPILER_LAUNCHIMAGE_NAME = LaunchImage;
				CODE_SIGN_STYLE = Automatic;
				DEVELOPMENT_TEAM = P9TSVR4F6P;
				GCC_PRECOMPILE_PREFIX_HEADER = YES;
				GCC_PREFIX_HEADER = JDLProjectTools/Common/JDLToolsPrefixHeader.pch;
				INFOPLIST_FILE = JDLProjectTools/Info.plist;
				IPHONEOS_DEPLOYMENT_TARGET = 8.0;
				LD_RUNPATH_SEARCH_PATHS = "$(inherited) @executable_path/Frameworks";
				PRODUCT_BUNDLE_IDENTIFIER = leguan.JDLProjectTools;
				PRODUCT_NAME = "$(TARGET_NAME)";
				TARGETED_DEVICE_FAMILY = "1,2";
			};
			name = Debug;
		};
		8212B4A41FDAD9CE00DBCBCF /* Release */ = {
			isa = XCBuildConfiguration;
			baseConfigurationReference = 799B371B6FD615AA998852AD /* Pods-JDLProjectTools.release.xcconfig */;
			buildSettings = {
				ASSETCATALOG_COMPILER_APPICON_NAME = AppIcon;
				ASSETCATALOG_COMPILER_LAUNCHIMAGE_NAME = LaunchImage;
				CODE_SIGN_STYLE = Automatic;
				DEVELOPMENT_TEAM = P9TSVR4F6P;
				GCC_PRECOMPILE_PREFIX_HEADER = YES;
				GCC_PREFIX_HEADER = JDLProjectTools/Common/JDLToolsPrefixHeader.pch;
				INFOPLIST_FILE = JDLProjectTools/Info.plist;
				IPHONEOS_DEPLOYMENT_TARGET = 8.0;
				LD_RUNPATH_SEARCH_PATHS = "$(inherited) @executable_path/Frameworks";
				PRODUCT_BUNDLE_IDENTIFIER = leguan.JDLProjectTools;
				PRODUCT_NAME = "$(TARGET_NAME)";
				TARGETED_DEVICE_FAMILY = "1,2";
			};
			name = Release;
		};
		8212B4A61FDAD9CE00DBCBCF /* Debug */ = {
			isa = XCBuildConfiguration;
			buildSettings = {
				BUNDLE_LOADER = "$(TEST_HOST)";
				CODE_SIGN_STYLE = Automatic;
				DEVELOPMENT_TEAM = EVKP6X2HVB;
				INFOPLIST_FILE = JDLProjectToolsTests/Info.plist;
				LD_RUNPATH_SEARCH_PATHS = "$(inherited) @executable_path/Frameworks @loader_path/Frameworks";
				PRODUCT_BUNDLE_IDENTIFIER = leguan.JDLProjectToolsTests;
				PRODUCT_NAME = "$(TARGET_NAME)";
				TARGETED_DEVICE_FAMILY = "1,2";
				TEST_HOST = "$(BUILT_PRODUCTS_DIR)/JDLProjectTools.app/JDLProjectTools";
			};
			name = Debug;
		};
		8212B4A71FDAD9CE00DBCBCF /* Release */ = {
			isa = XCBuildConfiguration;
			buildSettings = {
				BUNDLE_LOADER = "$(TEST_HOST)";
				CODE_SIGN_STYLE = Automatic;
				DEVELOPMENT_TEAM = EVKP6X2HVB;
				INFOPLIST_FILE = JDLProjectToolsTests/Info.plist;
				LD_RUNPATH_SEARCH_PATHS = "$(inherited) @executable_path/Frameworks @loader_path/Frameworks";
				PRODUCT_BUNDLE_IDENTIFIER = leguan.JDLProjectToolsTests;
				PRODUCT_NAME = "$(TARGET_NAME)";
				TARGETED_DEVICE_FAMILY = "1,2";
				TEST_HOST = "$(BUILT_PRODUCTS_DIR)/JDLProjectTools.app/JDLProjectTools";
			};
			name = Release;
		};
		8212B4A91FDAD9CE00DBCBCF /* Debug */ = {
			isa = XCBuildConfiguration;
			buildSettings = {
				CODE_SIGN_STYLE = Automatic;
				DEVELOPMENT_TEAM = EVKP6X2HVB;
				INFOPLIST_FILE = JDLProjectToolsUITests/Info.plist;
				LD_RUNPATH_SEARCH_PATHS = "$(inherited) @executable_path/Frameworks @loader_path/Frameworks";
				PRODUCT_BUNDLE_IDENTIFIER = leguan.JDLProjectToolsUITests;
				PRODUCT_NAME = "$(TARGET_NAME)";
				TARGETED_DEVICE_FAMILY = "1,2";
				TEST_TARGET_NAME = JDLProjectTools;
			};
			name = Debug;
		};
		8212B4AA1FDAD9CE00DBCBCF /* Release */ = {
			isa = XCBuildConfiguration;
			buildSettings = {
				CODE_SIGN_STYLE = Automatic;
				DEVELOPMENT_TEAM = EVKP6X2HVB;
				INFOPLIST_FILE = JDLProjectToolsUITests/Info.plist;
				LD_RUNPATH_SEARCH_PATHS = "$(inherited) @executable_path/Frameworks @loader_path/Frameworks";
				PRODUCT_BUNDLE_IDENTIFIER = leguan.JDLProjectToolsUITests;
				PRODUCT_NAME = "$(TARGET_NAME)";
				TARGETED_DEVICE_FAMILY = "1,2";
				TEST_TARGET_NAME = JDLProjectTools;
			};
			name = Release;
		};
/* End XCBuildConfiguration section */

/* Begin XCConfigurationList section */
		8212B4711FDAD9CE00DBCBCF /* Build configuration list for PBXProject "JDLProjectTools" */ = {
			isa = XCConfigurationList;
			buildConfigurations = (
				8212B4A01FDAD9CE00DBCBCF /* Debug */,
				8212B4A11FDAD9CE00DBCBCF /* Release */,
			);
			defaultConfigurationIsVisible = 0;
			defaultConfigurationName = Release;
		};
		8212B4A21FDAD9CE00DBCBCF /* Build configuration list for PBXNativeTarget "JDLProjectTools" */ = {
			isa = XCConfigurationList;
			buildConfigurations = (
				8212B4A31FDAD9CE00DBCBCF /* Debug */,
				8212B4A41FDAD9CE00DBCBCF /* Release */,
			);
			defaultConfigurationIsVisible = 0;
			defaultConfigurationName = Release;
		};
		8212B4A51FDAD9CE00DBCBCF /* Build configuration list for PBXNativeTarget "JDLProjectToolsTests" */ = {
			isa = XCConfigurationList;
			buildConfigurations = (
				8212B4A61FDAD9CE00DBCBCF /* Debug */,
				8212B4A71FDAD9CE00DBCBCF /* Release */,
			);
			defaultConfigurationIsVisible = 0;
			defaultConfigurationName = Release;
		};
		8212B4A81FDAD9CE00DBCBCF /* Build configuration list for PBXNativeTarget "JDLProjectToolsUITests" */ = {
			isa = XCConfigurationList;
			buildConfigurations = (
				8212B4A91FDAD9CE00DBCBCF /* Debug */,
				8212B4AA1FDAD9CE00DBCBCF /* Release */,
			);
			defaultConfigurationIsVisible = 0;
			defaultConfigurationName = Release;
		};
/* End XCConfigurationList section */
	};
	rootObject = 8212B46E1FDAD9CE00DBCBCF /* Project object */;
}
